<Solution>
  <Project Path="SenacGames.API/SenacGames.API.csproj" />
  <Project Path="SenacGames.Application/SenacGames.Application.csproj" />
  <Project Path="SenacGames.Desktop/SenacGames.Desktop.csproj" Id="d8d9bd37-e679-4adc-87f0-6d7e710a3322" />
  <Project Path="SenacGames.Domain/SenacGames.Domain.csproj" />
  <Project Path="SenacGames.Infrastructure/SenacGames.Infrastructure.csproj" />
  <Project Path="SenacGames.UI/SenacGames.UI.csproj" />
</Solution>
